{
    "name": "Devlord_Base_Server",
    "version": "0.0.1",
    "lockfileVersion": 1,
    "requires": true,
    "dependencies": {
        "accepts": {
            "version": "1.3.3",
            "resolved": "https://registry.npmjs.org/accepts/-/accepts-1.3.3.tgz",
            "integrity": "sha1-w8p0NJOGSMPg2cHjKN1otiLChMo=",
            "requires": {
                "mime-types": "2.1.18",
                "negotiator": "0.6.1"
            }
        },
        "after": {
            "version": "0.8.2",
            "resolved": "https://registry.npmjs.org/after/-/after-0.8.2.tgz",
            "integrity": "sha1-/ts5T58OAqqXaOcCvaI7UF+ufh8="
        },
        "ansi-regex": {
            "version": "2.1.1",
            "resolved": "https://registry.npmjs.org/ansi-regex/-/ansi-regex-2.1.1.tgz",
            "integrity": "sha1-w7M6te42DYbg5ijwRorn7yfWVN8="
        },
        "arraybuffer.slice": {
            "version": "0.0.7",
            "resolved": "https://registry.npmjs.org/arraybuffer.slice/-/arraybuffer.slice-0.0.7.tgz",
            "integrity": "sha512-wGUIVQXuehL5TCqQun8OW81jGzAWycqzFF8lFp+GOM5BXLYj3bKNsYC4daB7n6XjCqxQA/qgTJ+8ANR3acjrog=="
        },
        "async-limiter": {
            "version": "1.0.0",
            "resolved": "https://registry.npmjs.org/async-limiter/-/async-limiter-1.0.0.tgz",
            "integrity": "sha512-jp/uFnooOiO+L211eZOoSyzpOITMXx1rBITauYykG3BRYPu8h0UcxsPNB04RR5vo4Tyz3+ay17tR6JVf9qzYWg=="
        },
        "backo2": {
            "version": "1.0.2",
            "resolved": "https://registry.npmjs.org/backo2/-/backo2-1.0.2.tgz",
            "integrity": "sha1-MasayLEpNjRj41s+u2n038+6eUc="
        },
        "base64-arraybuffer": {
            "version": "0.1.5",
            "resolved": "https://registry.npmjs.org/base64-arraybuffer/-/base64-arraybuffer-0.1.5.tgz",
            "integrity": "sha1-c5JncZI7Whl0etZmqlzUv5xunOg="
        },
        "base64id": {
            "version": "1.0.0",
            "resolved": "https://registry.npmjs.org/base64id/-/base64id-1.0.0.tgz",
            "integrity": "sha1-R2iMuZu2gE8OBtPnY7HDLlfY5rY="
        },
        "better-assert": {
            "version": "1.0.2",
            "resolved": "https://registry.npmjs.org/better-assert/-/better-assert-1.0.2.tgz",
            "integrity": "sha1-QIZrnhueC1W0gYlDEeaPr/rrxSI=",
            "requires": {
                "callsite": "1.0.0"
            }
        },
        "blob": {
            "version": "0.0.4",
            "resolved": "https://registry.npmjs.org/blob/-/blob-0.0.4.tgz",
            "integrity": "sha1-vPEwUspURj8w+fx+lbmkdjCpSSE="
        },
        "bluebird": {
            "version": "2.11.0",
            "resolved": "https://registry.npmjs.org/bluebird/-/bluebird-2.11.0.tgz",
            "integrity": "sha1-U0uQM8AiyVecVro7Plpcqvu2UOE="
        },
        "callsite": {
            "version": "1.0.0",
            "resolved": "https://registry.npmjs.org/callsite/-/callsite-1.0.0.tgz",
            "integrity": "sha1-KAOY5dZkvXQDi28JBRU+borxvCA="
        },
        "camelcase": {
            "version": "2.1.1",
            "resolved": "https://registry.npmjs.org/camelcase/-/camelcase-2.1.1.tgz",
            "integrity": "sha1-fB0W1nmhu+WcoCys7PsBHiAfWh8="
        },
        "cliui": {
            "version": "3.2.0",
            "resolved": "https://registry.npmjs.org/cliui/-/cliui-3.2.0.tgz",
            "integrity": "sha1-EgYBU3qRbSmUD5NNo7SNWFo5IT0=",
            "requires": {
                "string-width": "1.0.2",
                "strip-ansi": "3.0.1",
                "wrap-ansi": "2.1.0"
            }
        },
        "code-point-at": {
            "version": "1.1.0",
            "resolved": "https://registry.npmjs.org/code-point-at/-/code-point-at-1.1.0.tgz",
            "integrity": "sha1-DQcLTQQ6W+ozovGkDi7bPZpMz3c="
        },
        "component-bind": {
            "version": "1.0.0",
            "resolved": "https://registry.npmjs.org/component-bind/-/component-bind-1.0.0.tgz",
            "integrity": "sha1-AMYIq33Nk4l8AAllGx06jh5zu9E="
        },
        "component-emitter": {
            "version": "1.2.1",
            "resolved": "https://registry.npmjs.org/component-emitter/-/component-emitter-1.2.1.tgz",
            "integrity": "sha1-E3kY1teCg/ffemt8WmPhQOaUJeY="
        },
        "component-inherit": {
            "version": "0.0.3",
            "resolved": "https://registry.npmjs.org/component-inherit/-/component-inherit-0.0.3.tgz",
            "integrity": "sha1-ZF/ErfWLcrZJ1crmUTVhnbJv8UM="
        },
        "cookie": {
            "version": "0.3.1",
            "resolved": "https://registry.npmjs.org/cookie/-/cookie-0.3.1.tgz",
            "integrity": "sha1-5+Ch+e9DtMi6klxcWpboBtFoc7s="
        },
        "core-util-is": {
            "version": "1.0.2",
            "resolved": "https://registry.npmjs.org/core-util-is/-/core-util-is-1.0.2.tgz",
            "integrity": "sha1-tf1UIgqivFq1eqtxQMlAdUUDwac="
        },
        "debug": {
            "version": "2.6.9",
            "resolved": "https://registry.npmjs.org/debug/-/debug-2.6.9.tgz",
            "integrity": "sha512-bC7ElrdJaJnPbAP+1EotYvqZsb3ecl5wi6Bfi6BJTUcNowp6cvspg0jXznRTKDjm/E7AdgFBVeAPVMNcKGsHMA==",
            "requires": {
                "ms": "2.0.0"
            }
        },
        "decamelize": {
            "version": "1.2.0",
            "resolved": "https://registry.npmjs.org/decamelize/-/decamelize-1.2.0.tgz",
            "integrity": "sha1-9lNNFRSCabIDUue+4m9QH5oZEpA="
        },
        "engine.io": {
            "version": "3.1.4",
            "resolved": "https://registry.npmjs.org/engine.io/-/engine.io-3.1.4.tgz",
            "integrity": "sha1-PQIRtwpVLOhB/8fahiezAamkFi4=",
            "requires": {
                "accepts": "1.3.3",
                "base64id": "1.0.0",
                "cookie": "0.3.1",
                "debug": "2.6.9",
                "engine.io-parser": "2.1.2",
                "uws": "0.14.5",
                "ws": "3.3.3"
            }
        },
        "engine.io-client": {
            "version": "3.1.4",
            "resolved": "https://registry.npmjs.org/engine.io-client/-/engine.io-client-3.1.4.tgz",
            "integrity": "sha1-T88TcLRxY70s6b4nM5ckMDUNTqE=",
            "requires": {
                "component-emitter": "1.2.1",
                "component-inherit": "0.0.3",
                "debug": "2.6.9",
                "engine.io-parser": "2.1.2",
                "has-cors": "1.1.0",
                "indexof": "0.0.1",
                "parseqs": "0.0.5",
                "parseuri": "0.0.5",
                "ws": "3.3.3",
                "xmlhttprequest-ssl": "1.5.4",
                "yeast": "0.1.2"
            }
        },
        "engine.io-parser": {
            "version": "2.1.2",
            "resolved": "https://registry.npmjs.org/engine.io-parser/-/engine.io-parser-2.1.2.tgz",
            "integrity": "sha512-dInLFzr80RijZ1rGpx1+56/uFoH7/7InhH3kZt+Ms6hT8tNx3NGW/WNSA/f8As1WkOfkuyb3tnRyuXGxusclMw==",
            "requires": {
                "after": "0.8.2",
                "arraybuffer.slice": "0.0.7",
                "base64-arraybuffer": "0.1.5",
                "blob": "0.0.4",
                "has-binary2": "1.0.2"
            }
        },
        "has-binary2": {
            "version": "1.0.2",
            "resolved": "https://registry.npmjs.org/has-binary2/-/has-binary2-1.0.2.tgz",
            "integrity": "sha1-6D26SfC5vk0CbSc2U1DZ8D9Uvpg=",
            "requires": {
                "isarray": "2.0.1"
            }
        },
        "has-cors": {
            "version": "1.1.0",
            "resolved": "https://registry.npmjs.org/has-cors/-/has-cors-1.1.0.tgz",
            "integrity": "sha1-XkdHk/fqmEPRu5nCPu9J/xJv/zk="
        },
        "indexof": {
            "version": "0.0.1",
            "resolved": "https://registry.npmjs.org/indexof/-/indexof-0.0.1.tgz",
            "integrity": "sha1-gtwzbSMrkGIXnQWrMpOmYFn9Q10="
        },
        "inherits": {
            "version": "2.0.3",
            "resolved": "https://registry.npmjs.org/inherits/-/inherits-2.0.3.tgz",
            "integrity": "sha1-Yzwsg+PaQqUC9SRmAiSA9CCCYd4="
        },
        "invert-kv": {
            "version": "1.0.0",
            "resolved": "https://registry.npmjs.org/invert-kv/-/invert-kv-1.0.0.tgz",
            "integrity": "sha1-EEqOSqym09jNFXqO+L+rLXo//bY="
        },
        "is-fullwidth-code-point": {
            "version": "1.0.0",
            "resolved": "https://registry.npmjs.org/is-fullwidth-code-point/-/is-fullwidth-code-point-1.0.0.tgz",
            "integrity": "sha1-754xOG8DGn8NZDr4L95QxFfvAMs=",
            "requires": {
                "number-is-nan": "1.0.1"
            }
        },
        "isarray": {
            "version": "2.0.1",
            "resolved": "https://registry.npmjs.org/isarray/-/isarray-2.0.1.tgz",
            "integrity": "sha1-o32U7ZzaLVmGXJ92/llu4fM4dB4="
        },
        "lcid": {
            "version": "1.0.0",
            "resolved": "https://registry.npmjs.org/lcid/-/lcid-1.0.0.tgz",
            "integrity": "sha1-MIrMr6C8SDo4Z7S28rlQYlHRuDU=",
            "requires": {
                "invert-kv": "1.0.0"
            }
        },
        "mime-types": {
            "version": "2.1.18",
            "resolved": "https://registry.npmjs.org/mime-types/-/mime-types-2.1.18.tgz",
            "integrity": "sha512-lc/aahn+t4/SWV/qcmumYjymLsWfN3ELhpmVuUFjgsORruuZPVSwAQryq+HHGvO/SI2KVX26bx+En+zhM8g8hQ==",
            "requires": {
                "mime-db": "1.33.0"
            },
            "dependencies": {
                "mime-db": {
                    "version": "1.33.0",
                    "resolved": "https://registry.npmjs.org/mime-db/-/mime-db-1.33.0.tgz",
                    "integrity": "sha512-BHJ/EKruNIqJf/QahvxwQZXKygOQ256myeN/Ew+THcAa5q+PjyTTMMeNQC4DZw5AwfvelsUrA6B67NKMqXDbzQ=="
                }
            }
        },
        "minimist": {
            "version": "0.0.8",
            "resolved": "https://registry.npmjs.org/minimist/-/minimist-0.0.8.tgz",
            "integrity": "sha1-hX/Kv8M5fSYluCKCYuhqp6ARsF0="
        },
        "mkdirp": {
            "version": "0.5.1",
            "resolved": "https://registry.npmjs.org/mkdirp/-/mkdirp-0.5.1.tgz",
            "integrity": "sha1-MAV0OOrGz3+MR2fzhkjWaX11yQM=",
            "requires": {
                "minimist": "0.0.8"
            }
        },
        "ms": {
            "version": "2.0.0",
            "resolved": "https://registry.npmjs.org/ms/-/ms-2.0.0.tgz",
            "integrity": "sha1-VgiurfwAvmwpAd9fmGF4jeDVl8g="
        },
        "negotiator": {
            "version": "0.6.1",
            "resolved": "https://registry.npmjs.org/negotiator/-/negotiator-0.6.1.tgz",
            "integrity": "sha1-KzJxhOiZIQEXeyhWP7XnECrNDKk="
        },
        "number-is-nan": {
            "version": "1.0.1",
            "resolved": "https://registry.npmjs.org/number-is-nan/-/number-is-nan-1.0.1.tgz",
            "integrity": "sha1-CXtgK1NCKlIsGvuHkDGDNpQaAR0="
        },
        "object-component": {
            "version": "0.0.3",
            "resolved": "https://registry.npmjs.org/object-component/-/object-component-0.0.3.tgz",
            "integrity": "sha1-8MaapQ78lbhmwYb0AKM3acsvEpE="
        },
        "os-locale": {
            "version": "1.4.0",
            "resolved": "https://registry.npmjs.org/os-locale/-/os-locale-1.4.0.tgz",
            "integrity": "sha1-IPnxeuKe00XoveWDsT0gCYA8FNk=",
            "requires": {
                "lcid": "1.0.0"
            }
        },
        "parseqs": {
            "version": "0.0.5",
            "resolved": "https://registry.npmjs.org/parseqs/-/parseqs-0.0.5.tgz",
            "integrity": "sha1-1SCKNzjkZ2bikbouoXNoSSGouJ0=",
            "requires": {
                "better-assert": "1.0.2"
            }
        },
        "parseuri": {
            "version": "0.0.5",
            "resolved": "https://registry.npmjs.org/parseuri/-/parseuri-0.0.5.tgz",
            "integrity": "sha1-gCBKUNTbt3m/3G6+J3jZDkvOMgo=",
            "requires": {
                "better-assert": "1.0.2"
            }
        },
        "process-nextick-args": {
            "version": "2.0.0",
            "resolved": "https://registry.npmjs.org/process-nextick-args/-/process-nextick-args-2.0.0.tgz",
            "integrity": "sha512-MtEC1TqN0EU5nephaJ4rAtThHtC86dNN9qCuEhtshvpVBkAW5ZO7BASN9REnF9eoXGcRub+pFuKEpOHE+HbEMw=="
        },
        "readable-stream": {
            "version": "2.3.5",
            "resolved": "https://registry.npmjs.org/readable-stream/-/readable-stream-2.3.5.tgz",
            "integrity": "sha512-tK0yDhrkygt/knjowCUiWP9YdV7c5R+8cR0r/kt9ZhBU906Fs6RpQJCEilamRJj1Nx2rWI6LkW9gKqjTkshhEw==",
            "requires": {
                "core-util-is": "1.0.2",
                "inherits": "2.0.3",
                "isarray": "1.0.0",
                "process-nextick-args": "2.0.0",
                "safe-buffer": "5.1.1",
                "string_decoder": "1.0.3",
                "util-deprecate": "1.0.2"
            },
            "dependencies": {
                "isarray": {
                    "version": "1.0.0",
                    "resolved": "https://registry.npmjs.org/isarray/-/isarray-1.0.0.tgz",
                    "integrity": "sha1-u5NdSFgsuhaMBoNJV6VKPgcSTxE="
                }
            }
        },
        "require-all": {
            "version": "2.2.0",
            "resolved": "https://registry.npmjs.org/require-all/-/require-all-2.2.0.tgz",
            "integrity": "sha1-tEIMIzrAKC0P9Jsnf7iAqLXeCJQ="
        },
        "safe-buffer": {
            "version": "5.1.1",
            "resolved": "https://registry.npmjs.org/safe-buffer/-/safe-buffer-5.1.1.tgz",
            "integrity": "sha512-kKvNJn6Mm93gAczWVJg7wH+wGYWNrDHdWvpUmHyEsgCtIwwo3bqPtV4tR5tuPaUhTOo/kvhVwd8XwwOllGYkbg=="
        },
        "socket.io": {
            "version": "2.0.4",
            "resolved": "https://registry.npmjs.org/socket.io/-/socket.io-2.0.4.tgz",
            "integrity": "sha1-waRZDO/4fs8TxyZS8Eb3FrKeYBQ=",
            "requires": {
                "debug": "2.6.9",
                "engine.io": "3.1.4",
                "socket.io-adapter": "1.1.1",
                "socket.io-client": "2.0.4",
                "socket.io-parser": "3.1.2"
            }
        },
        "socket.io-adapter": {
            "version": "1.1.1",
            "resolved": "https://registry.npmjs.org/socket.io-adapter/-/socket.io-adapter-1.1.1.tgz",
            "integrity": "sha1-KoBeihTWNyEk3ZFZrUUC+MsH8Gs="
        },
        "socket.io-client": {
            "version": "2.0.4",
            "resolved": "https://registry.npmjs.org/socket.io-client/-/socket.io-client-2.0.4.tgz",
            "integrity": "sha1-CRilUkBtxeVAs4Dc2Xr8SmQzL44=",
            "requires": {
                "backo2": "1.0.2",
                "base64-arraybuffer": "0.1.5",
                "component-bind": "1.0.0",
                "component-emitter": "1.2.1",
                "debug": "2.6.9",
                "engine.io-client": "3.1.4",
                "has-cors": "1.1.0",
                "indexof": "0.0.1",
                "object-component": "0.0.3",
                "parseqs": "0.0.5",
                "parseuri": "0.0.5",
                "socket.io-parser": "3.1.2",
                "to-array": "0.1.4"
            }
        },
        "socket.io-parser": {
            "version": "3.1.2",
            "resolved": "https://registry.npmjs.org/socket.io-parser/-/socket.io-parser-3.1.2.tgz",
            "integrity": "sha1-28IoIVH8T6675Aru3Ady66YZ9/I=",
            "requires": {
                "component-emitter": "1.2.1",
                "debug": "2.6.9",
                "has-binary2": "1.0.2",
                "isarray": "2.0.1"
            }
        },
        "stream-parser": {
            "version": "0.3.1",
            "resolved": "https://registry.npmjs.org/stream-parser/-/stream-parser-0.3.1.tgz",
            "integrity": "sha1-FhhUhpRCACGhGC/wrxkRwSl2F3M=",
            "requires": {
                "debug": "2.6.9"
            }
        },
        "string-width": {
            "version": "1.0.2",
            "resolved": "https://registry.npmjs.org/string-width/-/string-width-1.0.2.tgz",
            "integrity": "sha1-EYvfW4zcUaKn5w0hHgfisLmxB9M=",
            "requires": {
                "code-point-at": "1.1.0",
                "is-fullwidth-code-point": "1.0.0",
                "strip-ansi": "3.0.1"
            }
        },
        "string_decoder": {
            "version": "1.0.3",
            "resolved": "https://registry.npmjs.org/string_decoder/-/string_decoder-1.0.3.tgz",
            "integrity": "sha512-4AH6Z5fzNNBcH+6XDMfA/BTt87skxqJlO0lAh3Dker5zThcAxG6mKz+iGu308UKoPPQ8Dcqx/4JhujzltRa+hQ==",
            "requires": {
                "safe-buffer": "5.1.1"
            }
        },
        "strip-ansi": {
            "version": "3.0.1",
            "resolved": "https://registry.npmjs.org/strip-ansi/-/strip-ansi-3.0.1.tgz",
            "integrity": "sha1-ajhfuIU9lS1f8F0Oiq+UJ43GPc8=",
            "requires": {
                "ansi-regex": "2.1.1"
            }
        },
        "throttle": {
            "version": "1.0.3",
            "resolved": "https://registry.npmjs.org/throttle/-/throttle-1.0.3.tgz",
            "integrity": "sha1-ijLkoV8XY9mXlIMXxevjrYpB5Lc=",
            "requires": {
                "readable-stream": "2.3.5",
                "stream-parser": "0.3.1"
            }
        },
        "to-array": {
            "version": "0.1.4",
            "resolved": "https://registry.npmjs.org/to-array/-/to-array-0.1.4.tgz",
            "integrity": "sha1-F+bBH3PdTz10zaek/zI46a2b+JA="
        },
        "ultron": {
            "version": "1.1.1",
            "resolved": "https://registry.npmjs.org/ultron/-/ultron-1.1.1.tgz",
            "integrity": "sha512-UIEXBNeYmKptWH6z8ZnqTeS8fV74zG0/eRU9VGkpzz+LIJNs8W/zM/L+7ctCkRrgbNnnR0xxw4bKOr0cW0N0Og=="
        },
        "util-deprecate": {
            "version": "1.0.2",
            "resolved": "https://registry.npmjs.org/util-deprecate/-/util-deprecate-1.0.2.tgz",
            "integrity": "sha1-RQ1Nyfpw3nMnYvvS1KKJgUGaDM8="
        },
        "uws": {
            "version": "0.14.5",
            "resolved": "https://registry.npmjs.org/uws/-/uws-0.14.5.tgz",
            "integrity": "sha1-Z6rzPEaypYel9mZtAPdpEyjxSdw=",
            "optional": true
        },
        "window-size": {
            "version": "0.1.4",
            "resolved": "https://registry.npmjs.org/window-size/-/window-size-0.1.4.tgz",
            "integrity": "sha1-+OGqHuWlPsW/FR/6CXQqatdpeHY="
        },
        "wrap-ansi": {
            "version": "2.1.0",
            "resolved": "https://registry.npmjs.org/wrap-ansi/-/wrap-ansi-2.1.0.tgz",
            "integrity": "sha1-2Pw9KE3QV5T+hJc8rs3Rz4JP3YU=",
            "requires": {
                "string-width": "1.0.2",
                "strip-ansi": "3.0.1"
            }
        },
        "ws": {
            "version": "3.3.3",
            "resolved": "https://registry.npmjs.org/ws/-/ws-3.3.3.tgz",
            "integrity": "sha512-nnWLa/NwZSt4KQJu51MYlCcSQ5g7INpOrOMt4XV8j4dqTXdmlUmSHQ8/oLC069ckre0fRsgfvsKwbTdtKLCDkA==",
            "requires": {
                "async-limiter": "1.0.0",
                "safe-buffer": "5.1.1",
                "ultron": "1.1.1"
            }
        },
        "xhr2": {
            "version": "0.1.4",
            "resolved": "https://registry.npmjs.org/xhr2/-/xhr2-0.1.4.tgz",
            "integrity": "sha1-f4dliEdxbbUCYyOBL4GMras4el8="
        },
        "xmlhttprequest-ssl": {
            "version": "1.5.4",
            "resolved": "https://registry.npmjs.org/xmlhttprequest-ssl/-/xmlhttprequest-ssl-1.5.4.tgz",
            "integrity": "sha1-BPVgkVcks4kIhxXMDteBPpZ3v1c="
        },
        "y18n": {
            "version": "3.2.1",
            "resolved": "https://registry.npmjs.org/y18n/-/y18n-3.2.1.tgz",
            "integrity": "sha1-bRX7qITAhnnA136I53WegR4H+kE="
        },
        "yargs": {
            "version": "3.32.0",
            "resolved": "https://registry.npmjs.org/yargs/-/yargs-3.32.0.tgz",
            "integrity": "sha1-AwiOnr+edWtpdRYR0qXvWRSCyZU=",
            "requires": {
                "camelcase": "2.1.1",
                "cliui": "3.2.0",
                "decamelize": "1.2.0",
                "os-locale": "1.4.0",
                "string-width": "1.0.2",
                "window-size": "0.1.4",
                "y18n": "3.2.1"
            }
        },
        "yeast": {
            "version": "0.1.2",
            "resolved": "https://registry.npmjs.org/yeast/-/yeast-0.1.2.tgz",
            "integrity": "sha1-AI4G2AlDIMNy28L47XagymyKxBk="
        },
        "youtube-parser": {
            "version": "1.1.0",
            "resolved": "https://registry.npmjs.org/youtube-parser/-/youtube-parser-1.1.0.tgz",
            "integrity": "sha1-ZLdYGTUtRd+IEe2UcB7sFdiFBuw=",
            "requires": {
                "bluebird": "2.11.0",
                "xhr2": "0.1.4",
                "yargs": "3.32.0"
            }
        }
    }
}
